// !$*UTF8*$!
{
	archiveVersion = 1;
	classes = {
	};
	objectVersion = 56;
	objects = {

/* Begin PBXBuildFile section */
		400D60C52BAF1A0A0015872C /* HomeView.swift in Sources */ = {isa = PBXBuildFile; fileRef = 400D60C42BAF1A0A0015872C /* HomeView.swift */; };
		400D60C72BAF2C3C0015872C /* RegisterViewModel.swift in Sources */ = {isa = PBXBuildFile; fileRef = 400D60C62BAF2C3C0015872C /* RegisterViewModel.swift */; };
		400D60CC2BAF3E970015872C /* SignInViewModel.swift in Sources */ = {isa = PBXBuildFile; fileRef = 400D60CB2BAF3E970015872C /* SignInViewModel.swift */; };
		400D60D02BAF47FB0015872C /* UserRepository.swift in Sources */ = {isa = PBXBuildFile; fileRef = 400D60CF2BAF47FB0015872C /* UserRepository.swift */; };
		407B04C02B964D50005B68B8 /* SeriouslyApp.swift in Sources */ = {isa = PBXBuildFile; fileRef = 407B04BF2B964D50005B68B8 /* SeriouslyApp.swift */; };
		407B04C22B964D50005B68B8 /* ContentView.swift in Sources */ = {isa = PBXBuildFile; fileRef = 407B04C12B964D50005B68B8 /* ContentView.swift */; };
		407B04C62B964D50005B68B8 /* Assets.xcassets in Resources */ = {isa = PBXBuildFile; fileRef = 407B04C52B964D50005B68B8 /* Assets.xcassets */; };
		407B04C92B964D50005B68B8 /* Preview Assets.xcassets in Resources */ = {isa = PBXBuildFile; fileRef = 407B04C82B964D50005B68B8 /* Preview Assets.xcassets */; };
		407B04D42B964E3E005B68B8 /* AppBackground.swift in Sources */ = {isa = PBXBuildFile; fileRef = 407B04D32B964E3E005B68B8 /* AppBackground.swift */; };
		407B04DA2B964ECF005B68B8 /* ResetPasswordView.swift in Sources */ = {isa = PBXBuildFile; fileRef = 407B04D92B964ECF005B68B8 /* ResetPasswordView.swift */; };
		407B04DC2B964EDC005B68B8 /* StartView.swift in Sources */ = {isa = PBXBuildFile; fileRef = 407B04DB2B964EDC005B68B8 /* StartView.swift */; };
		407B04DE2B964EE7005B68B8 /* SignUpView.swift in Sources */ = {isa = PBXBuildFile; fileRef = 407B04DD2B964EE7005B68B8 /* SignUpView.swift */; };
		407B04E02B964EEF005B68B8 /* SignInView.swift in Sources */ = {isa = PBXBuildFile; fileRef = 407B04DF2B964EEF005B68B8 /* SignInView.swift */; };
		407B04E32B964F2F005B68B8 /* UserModel.swift in Sources */ = {isa = PBXBuildFile; fileRef = 407B04E22B964F2F005B68B8 /* UserModel.swift */; };
		407B04E62B964F4A005B68B8 /* UserViewModel.swift in Sources */ = {isa = PBXBuildFile; fileRef = 407B04E52B964F4A005B68B8 /* UserViewModel.swift */; };
		407B04E82B965059005B68B8 /* AppButton.swift in Sources */ = {isa = PBXBuildFile; fileRef = 407B04E72B965059005B68B8 /* AppButton.swift */; };
/* End PBXBuildFile section */

/* Begin PBXFileReference section */
		400D60C42BAF1A0A0015872C /* HomeView.swift */ = {isa = PBXFileReference; lastKnownFileType = sourcecode.swift; path = HomeView.swift; sourceTree = "<group>"; };
		400D60C62BAF2C3C0015872C /* RegisterViewModel.swift */ = {isa = PBXFileReference; lastKnownFileType = sourcecode.swift; path = RegisterViewModel.swift; sourceTree = "<group>"; };
		400D60CB2BAF3E970015872C /* SignInViewModel.swift */ = {isa = PBXFileReference; lastKnownFileType = sourcecode.swift; path = SignInViewModel.swift; sourceTree = "<group>"; };
		400D60CF2BAF47FB0015872C /* UserRepository.swift */ = {isa = PBXFileReference; lastKnownFileType = sourcecode.swift; path = UserRepository.swift; sourceTree = "<group>"; };
		407B04BC2B964D50005B68B8 /* Seriously.app */ = {isa = PBXFileReference; explicitFileType = wrapper.application; includeInIndex = 0; path = Seriously.app; sourceTree = BUILT_PRODUCTS_DIR; };
		407B04BF2B964D50005B68B8 /* SeriouslyApp.swift */ = {isa = PBXFileReference; lastKnownFileType = sourcecode.swift; path = SeriouslyApp.swift; sourceTree = "<group>"; };
		407B04C12B964D50005B68B8 /* ContentView.swift */ = {isa = PBXFileReference; lastKnownFileType = sourcecode.swift; path = ContentView.swift; sourceTree = "<group>"; };
		407B04C52B964D50005B68B8 /* Assets.xcassets */ = {isa = PBXFileReference; lastKnownFileType = folder.assetcatalog; path = Assets.xcassets; sourceTree = "<group>"; };
		407B04C82B964D50005B68B8 /* Preview Assets.xcassets */ = {isa = PBXFileReference; lastKnownFileType = folder.assetcatalog; path = "Preview Assets.xcassets"; sourceTree = "<group>"; };
		407B04D32B964E3E005B68B8 /* AppBackground.swift */ = {isa = PBXFileReference; lastKnownFileType = sourcecode.swift; path = AppBackground.swift; sourceTree = "<group>"; };
		407B04D92B964ECF005B68B8 /* ResetPasswordView.swift */ = {isa = PBXFileReference; lastKnownFileType = sourcecode.swift; path = ResetPasswordView.swift; sourceTree = "<group>"; };
		407B04DB2B964EDC005B68B8 /* StartView.swift */ = {isa = PBXFileReference; lastKnownFileType = sourcecode.swift; path = StartView.swift; sourceTree = "<group>"; };
		407B04DD2B964EE7005B68B8 /* SignUpView.swift */ = {isa = PBXFileReference; lastKnownFileType = sourcecode.swift; path = SignUpView.swift; sourceTree = "<group>"; };
		407B04DF2B964EEF005B68B8 /* SignInView.swift */ = {isa = PBXFileReference; lastKnownFileType = sourcecode.swift; path = SignInView.swift; sourceTree = "<group>"; };
		407B04E22B964F2F005B68B8 /* UserModel.swift */ = {isa = PBXFileReference; lastKnownFileType = sourcecode.swift; path = UserModel.swift; sourceTree = "<group>"; };
		407B04E52B964F4A005B68B8 /* UserViewModel.swift */ = {isa = PBXFileReference; lastKnownFileType = sourcecode.swift; path = UserViewModel.swift; sourceTree = "<group>"; };
		407B04E72B965059005B68B8 /* AppButton.swift */ = {isa = PBXFileReference; lastKnownFileType = sourcecode.swift; path = AppButton.swift; sourceTree = "<group>"; };
/* End PBXFileReference section */

/* Begin PBXFrameworksBuildPhase section */
		407B04B92B964D50005B68B8 /* Frameworks */ = {
			isa = PBXFrameworksBuildPhase;
			buildActionMask = 2147483647;
			files = (
			);
			runOnlyForDeploymentPostprocessing = 0;
		};
/* End PBXFrameworksBuildPhase section */

/* Begin PBXGroup section */
		400D60C32BAF19FC0015872C /* Home */ = {
			isa = PBXGroup;
			children = (
				400D60C42BAF1A0A0015872C /* HomeView.swift */,
			);
			path = Home;
			sourceTree = "<group>";
		};
		400D60C82BAF3E750015872C /* Widgets */ = {
			isa = PBXGroup;
			children = (
			);
			path = Widgets;
			sourceTree = "<group>";
		};
		400D60C92BAF3E7B0015872C /* ViewModel */ = {
			isa = PBXGroup;
			children = (
				400D60CB2BAF3E970015872C /* SignInViewModel.swift */,
			);
			path = ViewModel;
			sourceTree = "<group>";
		};
		400D60CA2BAF3E830015872C /* View */ = {
			isa = PBXGroup;
			children = (
				407B04DF2B964EEF005B68B8 /* SignInView.swift */,
			);
			path = View;
			sourceTree = "<group>";
		};
		400D60CD2BAF47E10015872C /* Repository */ = {
			isa = PBXGroup;
			children = (
				400D60CE2BAF47E90015872C /* UserRepository */,
			);
			path = Repository;
			sourceTree = "<group>";
		};
		400D60CE2BAF47E90015872C /* UserRepository */ = {
			isa = PBXGroup;
			children = (
				400D60CF2BAF47FB0015872C /* UserRepository.swift */,
			);
			path = UserRepository;
			sourceTree = "<group>";
		};
		407B04B32B964D50005B68B8 = {
			isa = PBXGroup;
			children = (
				407B04BE2B964D50005B68B8 /* Seriously */,
				407B04BD2B964D50005B68B8 /* Products */,
			);
			sourceTree = "<group>";
		};
		407B04BD2B964D50005B68B8 /* Products */ = {
			isa = PBXGroup;
			children = (
				407B04BC2B964D50005B68B8 /* Seriously.app */,
			);
			name = Products;
			sourceTree = "<group>";
		};
		407B04BE2B964D50005B68B8 /* Seriously */ = {
			isa = PBXGroup;
			children = (
				400D60CD2BAF47E10015872C /* Repository */,
				407B04D22B964E2B005B68B8 /* Widgets */,
				407B04D12B964E1D005B68B8 /* Views */,
				407B04D02B964E18005B68B8 /* ViewModels */,
				407B04CF2B964E12005B68B8 /* Models */,
				407B04BF2B964D50005B68B8 /* SeriouslyApp.swift */,
				407B04C12B964D50005B68B8 /* ContentView.swift */,
				407B04C52B964D50005B68B8 /* Assets.xcassets */,
				407B04C72B964D50005B68B8 /* Preview Content */,
			);
			path = Seriously;
			sourceTree = "<group>";
		};
		407B04C72B964D50005B68B8 /* Preview Content */ = {
			isa = PBXGroup;
			children = (
				407B04C82B964D50005B68B8 /* Preview Assets.xcassets */,
			);
			path = "Preview Content";
			sourceTree = "<group>";
		};
		407B04CF2B964E12005B68B8 /* Models */ = {
			isa = PBXGroup;
			children = (
				407B04E12B964F1F005B68B8 /* User */,
			);
			path = Models;
			sourceTree = "<group>";
		};
		407B04D02B964E18005B68B8 /* ViewModels */ = {
			isa = PBXGroup;
			children = (
				407B04E42B964F39005B68B8 /* User */,
			);
			path = ViewModels;
			sourceTree = "<group>";
		};
		407B04D12B964E1D005B68B8 /* Views */ = {
			isa = PBXGroup;
			children = (
				400D60C32BAF19FC0015872C /* Home */,
				407B04D82B964EB6005B68B8 /* ResetPassword */,
				407B04D72B964EB0005B68B8 /* SignIn */,
				407B04D62B964EA8005B68B8 /* SignUp */,
				407B04D52B964E9F005B68B8 /* Start */,
			);
			path = Views;
			sourceTree = "<group>";
		};
		407B04D22B964E2B005B68B8 /* Widgets */ = {
			isa = PBXGroup;
			children = (
				407B04D32B964E3E005B68B8 /* AppBackground.swift */,
				407B04E72B965059005B68B8 /* AppButton.swift */,
			);
			path = Widgets;
			sourceTree = "<group>";
		};
		407B04D52B964E9F005B68B8 /* Start */ = {
			isa = PBXGroup;
			children = (
				407B04DB2B964EDC005B68B8 /* StartView.swift */,
			);
			path = Start;
			sourceTree = "<group>";
		};
		407B04D62B964EA8005B68B8 /* SignUp */ = {
			isa = PBXGroup;
			children = (
				407B04DD2B964EE7005B68B8 /* SignUpView.swift */,
			);
			path = SignUp;
			sourceTree = "<group>";
		};
		407B04D72B964EB0005B68B8 /* SignIn */ = {
			isa = PBXGroup;
			children = (
				400D60CA2BAF3E830015872C /* View */,
				400D60C92BAF3E7B0015872C /* ViewModel */,
				400D60C82BAF3E750015872C /* Widgets */,
			);
			path = SignIn;
			sourceTree = "<group>";
		};
		407B04D82B964EB6005B68B8 /* ResetPassword */ = {
			isa = PBXGroup;
			children = (
				407B04D92B964ECF005B68B8 /* ResetPasswordView.swift */,
			);
			path = ResetPassword;
			sourceTree = "<group>";
		};
		407B04E12B964F1F005B68B8 /* User */ = {
			isa = PBXGroup;
			children = (
				407B04E22B964F2F005B68B8 /* UserModel.swift */,
			);
			path = User;
			sourceTree = "<group>";
		};
		407B04E42B964F39005B68B8 /* User */ = {
			isa = PBXGroup;
			children = (
				407B04E52B964F4A005B68B8 /* UserViewModel.swift */,
				400D60C62BAF2C3C0015872C /* RegisterViewModel.swift */,
			);
			path = User;
			sourceTree = "<group>";
		};
/* End PBXGroup section */

/* Begin PBXNativeTarget section */
		407B04BB2B964D50005B68B8 /* Seriously */ = {
			isa = PBXNativeTarget;
			buildConfigurationList = 407B04CC2B964D50005B68B8 /* Build configuration list for PBXNativeTarget "Seriously" */;
			buildPhases = (
				407B04B82B964D50005B68B8 /* Sources */,
				407B04B92B964D50005B68B8 /* Frameworks */,
				407B04BA2B964D50005B68B8 /* Resources */,
			);
			buildRules = (
			);
			dependencies = (
			);
			name = Seriously;
			productName = Seriously;
			productReference = 407B04BC2B964D50005B68B8 /* Seriously.app */;
			productType = "com.apple.product-type.application";
		};
/* End PBXNativeTarget section */

/* Begin PBXProject section */
		407B04B42B964D50005B68B8 /* Project object */ = {
			isa = PBXProject;
			attributes = {
				BuildIndependentTargetsInParallel = 1;
				LastSwiftUpdateCheck = 1520;
				LastUpgradeCheck = 1520;
				TargetAttributes = {
					407B04BB2B964D50005B68B8 = {
						CreatedOnToolsVersion = 15.2;
					};
				};
			};
			buildConfigurationList = 407B04B72B964D50005B68B8 /* Build configuration list for PBXProject "Seriously" */;
			compatibilityVersion = "Xcode 14.0";
			developmentRegion = en;
			hasScannedForEncodings = 0;
			knownRegions = (
				en,
				Base,
			);
			mainGroup = 407B04B32B964D50005B68B8;
			productRefGroup = 407B04BD2B964D50005B68B8 /* Products */;
			projectDirPath = "";
			projectRoot = "";
			targets = (
				407B04BB2B964D50005B68B8 /* Seriously */,
			);
		};
/* End PBXProject section */

/* Begin PBXResourcesBuildPhase section */
		407B04BA2B964D50005B68B8 /* Resources */ = {
			isa = PBXResourcesBuildPhase;
			buildActionMask = 2147483647;
			files = (
				407B04C92B964D50005B68B8 /* Preview Assets.xcassets in Resources */,
				407B04C62B964D50005B68B8 /* Assets.xcassets in Resources */,
			);
			runOnlyForDeploymentPostprocessing = 0;
		};
/* End PBXResourcesBuildPhase section */

/* Begin PBXSourcesBuildPhase section */
		407B04B82B964D50005B68B8 /* Sources */ = {
			isa = PBXSourcesBuildPhase;
			buildActionMask = 2147483647;
			files = (
				407B04C22B964D50005B68B8 /* ContentView.swift in Sources */,
				407B04E02B964EEF005B68B8 /* SignInView.swift in Sources */,
				407B04E32B964F2F005B68B8 /* UserModel.swift in Sources */,
				407B04DC2B964EDC005B68B8 /* StartView.swift in Sources */,
				407B04D42B964E3E005B68B8 /* AppBackground.swift in Sources */,
				407B04C02B964D50005B68B8 /* SeriouslyApp.swift in Sources */,
				407B04DE2B964EE7005B68B8 /* SignUpView.swift in Sources */,
				400D60D02BAF47FB0015872C /* UserRepository.swift in Sources */,
				400D60CC2BAF3E970015872C /* SignInViewModel.swift in Sources */,
				400D60C72BAF2C3C0015872C /* RegisterViewModel.swift in Sources */,
				407B04E62B964F4A005B68B8 /* UserViewModel.swift in Sources */,
				400D60C52BAF1A0A0015872C /* HomeView.swift in Sources */,
				407B04DA2B964ECF005B68B8 /* ResetPasswordView.swift in Sources */,
				407B04E82B965059005B68B8 /* AppButton.swift in Sources */,
			);
			runOnlyForDeploymentPostprocessing = 0;
		};
/* End PBXSourcesBuildPhase section */

/* Begin XCBuildConfiguration section */
		407B04CA2B964D50005B68B8 /* Debug */ = {
			isa = XCBuildConfiguration;
			buildSettings = {
				ALWAYS_SEARCH_USER_PATHS = NO;
				ASSETCATALOG_COMPILER_GENERATE_SWIFT_ASSET_SYMBOL_EXTENSIONS = YES;
				CLANG_ANALYZER_NONNULL = YES;
				CLANG_ANALYZER_NUMBER_OBJECT_CONVERSION = YES_AGGRESSIVE;
				CLANG_CXX_LANGUAGE_STANDARD = "gnu++20";
				CLANG_ENABLE_MODULES = YES;
				CLANG_ENABLE_OBJC_ARC = YES;
				CLANG_ENABLE_OBJC_WEAK = YES;
				CLANG_WARN_BLOCK_CAPTURE_AUTORELEASING = YES;
				CLANG_WARN_BOOL_CONVERSION = YES;
				CLANG_WARN_COMMA = YES;
				CLANG_WARN_CONSTANT_CONVERSION = YES;
				CLANG_WARN_DEPRECATED_OBJC_IMPLEMENTATIONS = YES;
				CLANG_WARN_DIRECT_OBJC_ISA_USAGE = YES_ERROR;
				CLANG_WARN_DOCUMENTATION_COMMENTS = YES;
				CLANG_WARN_EMPTY_BODY = YES;
				CLANG_WARN_ENUM_CONVERSION = YES;
				CLANG_WARN_INFINITE_RECURSION = YES;
				CLANG_WARN_INT_CONVERSION = YES;
				CLANG_WARN_NON_LITERAL_NULL_CONVERSION = YES;
				CLANG_WARN_OBJC_IMPLICIT_RETAIN_SELF = YES;
				CLANG_WARN_OBJC_LITERAL_CONVERSION = YES;
				CLANG_WARN_OBJC_ROOT_CLASS = YES_ERROR;
				CLANG_WARN_QUOTED_INCLUDE_IN_FRAMEWORK_HEADER = YES;
				CLANG_WARN_RANGE_LOOP_ANALYSIS = YES;
				CLANG_WARN_STRICT_PROTOTYPES = YES;
				CLANG_WARN_SUSPICIOUS_MOVE = YES;
				CLANG_WARN_UNGUARDED_AVAILABILITY = YES_AGGRESSIVE;
				CLANG_WARN_UNREACHABLE_CODE = YES;
				CLANG_WARN__DUPLICATE_METHOD_MATCH = YES;
				COPY_PHASE_STRIP = NO;
				DEBUG_INFORMATION_FORMAT = dwarf;
				ENABLE_STRICT_OBJC_MSGSEND = YES;
				ENABLE_TESTABILITY = YES;
				ENABLE_USER_SCRIPT_SANDBOXING = YES;
				GCC_C_LANGUAGE_STANDARD = gnu17;
				GCC_DYNAMIC_NO_PIC = NO;
				GCC_NO_COMMON_BLOCKS = YES;
				GCC_OPTIMIZATION_LEVEL = 0;
				GCC_PREPROCESSOR_DEFINITIONS = (
					"DEBUG=1",
					"$(inherited)",
				);
				GCC_WARN_64_TO_32_BIT_CONVERSION = YES;
				GCC_WARN_ABOUT_RETURN_TYPE = YES_ERROR;
				GCC_WARN_UNDECLARED_SELECTOR = YES;
				GCC_WARN_UNINITIALIZED_AUTOS = YES_AGGRESSIVE;
				GCC_WARN_UNUSED_FUNCTION = YES;
				GCC_WARN_UNUSED_VARIABLE = YES;
				IPHONEOS_DEPLOYMENT_TARGET = 17.2;
				LOCALIZATION_PREFERS_STRING_CATALOGS = YES;
				MTL_ENABLE_DEBUG_INFO = INCLUDE_SOURCE;
				MTL_FAST_MATH = YES;
				ONLY_ACTIVE_ARCH = YES;
				SDKROOT = iphoneos;
				SWIFT_ACTIVE_COMPILATION_CONDITIONS = "DEBUG $(inherited)";
				SWIFT_OPTIMIZATION_LEVEL = "-Onone";
			};
			name = Debug;
		};
		407B04CB2B964D50005B68B8 /* Release */ = {
			isa = XCBuildConfiguration;
			buildSettings = {
				ALWAYS_SEARCH_USER_PATHS = NO;
				ASSETCATALOG_COMPILER_GENERATE_SWIFT_ASSET_SYMBOL_EXTENSIONS = YES;
				CLANG_ANALYZER_NONNULL = YES;
				CLANG_ANALYZER_NUMBER_OBJECT_CONVERSION = YES_AGGRESSIVE;
				CLANG_CXX_LANGUAGE_STANDARD = "gnu++20";
				CLANG_ENABLE_MODULES = YES;
				CLANG_ENABLE_OBJC_ARC = YES;
				CLANG_ENABLE_OBJC_WEAK = YES;
				CLANG_WARN_BLOCK_CAPTURE_AUTORELEASING = YES;
				CLANG_WARN_BOOL_CONVERSION = YES;
				CLANG_WARN_COMMA = YES;
				CLANG_WARN_CONSTANT_CONVERSION = YES;
				CLANG_WARN_DEPRECATED_OBJC_IMPLEMENTATIONS = YES;
				CLANG_WARN_DIRECT_OBJC_ISA_USAGE = YES_ERROR;
				CLANG_WARN_DOCUMENTATION_COMMENTS = YES;
				CLANG_WARN_EMPTY_BODY = YES;
				CLANG_WARN_ENUM_CONVERSION = YES;
				CLANG_WARN_INFINITE_RECURSION = YES;
				CLANG_WARN_INT_CONVERSION = YES;
				CLANG_WARN_NON_LITERAL_NULL_CONVERSION = YES;
				CLANG_WARN_OBJC_IMPLICIT_RETAIN_SELF = YES;
				CLANG_WARN_OBJC_LITERAL_CONVERSION = YES;
				CLANG_WARN_OBJC_ROOT_CLASS = YES_ERROR;
				CLANG_WARN_QUOTED_INCLUDE_IN_FRAMEWORK_HEADER = YES;
				CLANG_WARN_RANGE_LOOP_ANALYSIS = YES;
				CLANG_WARN_STRICT_PROTOTYPES = YES;
				CLANG_WARN_SUSPICIOUS_MOVE = YES;
				CLANG_WARN_UNGUARDED_AVAILABILITY = YES_AGGRESSIVE;
				CLANG_WARN_UNREACHABLE_CODE = YES;
				CLANG_WARN__DUPLICATE_METHOD_MATCH = YES;
				COPY_PHASE_STRIP = NO;
				DEBUG_INFORMATION_FORMAT = "dwarf-with-dsym";
				ENABLE_NS_ASSERTIONS = NO;
				ENABLE_STRICT_OBJC_MSGSEND = YES;
				ENABLE_USER_SCRIPT_SANDBOXING = YES;
				GCC_C_LANGUAGE_STANDARD = gnu17;
				GCC_NO_COMMON_BLOCKS = YES;
				GCC_WARN_64_TO_32_BIT_CONVERSION = YES;
				GCC_WARN_ABOUT_RETURN_TYPE = YES_ERROR;
				GCC_WARN_UNDECLARED_SELECTOR = YES;
				GCC_WARN_UNINITIALIZED_AUTOS = YES_AGGRESSIVE;
				GCC_WARN_UNUSED_FUNCTION = YES;
				GCC_WARN_UNUSED_VARIABLE = YES;
				IPHONEOS_DEPLOYMENT_TARGET = 17.2;
				LOCALIZATION_PREFERS_STRING_CATALOGS = YES;
				MTL_ENABLE_DEBUG_INFO = NO;
				MTL_FAST_MATH = YES;
				SDKROOT = iphoneos;
				SWIFT_COMPILATION_MODE = wholemodule;
				VALIDATE_PRODUCT = YES;
			};
			name = Release;
		};
		407B04CD2B964D50005B68B8 /* Debug */ = {
			isa = XCBuildConfiguration;
			buildSettings = {
				ASSETCATALOG_COMPILER_APPICON_NAME = AppIcon;
				ASSETCATALOG_COMPILER_GLOBAL_ACCENT_COLOR_NAME = AccentColor;
				CODE_SIGN_STYLE = Automatic;
				CURRENT_PROJECT_VERSION = 1;
				DEVELOPMENT_ASSET_PATHS = "\"Seriously/Preview Content\"";
				DEVELOPMENT_TEAM = KG5N3PRYHD;
				ENABLE_PREVIEWS = YES;
				GENERATE_INFOPLIST_FILE = YES;
				INFOPLIST_KEY_UIApplicationSceneManifest_Generation = YES;
				INFOPLIST_KEY_UIApplicationSupportsIndirectInputEvents = YES;
				INFOPLIST_KEY_UILaunchScreen_Generation = YES;
				INFOPLIST_KEY_UISupportedInterfaceOrientations_iPad = "UIInterfaceOrientationPortrait UIInterfaceOrientationPortraitUpsideDown UIInterfaceOrientationLandscapeLeft UIInterfaceOrientationLandscapeRight";
				INFOPLIST_KEY_UISupportedInterfaceOrientations_iPhone = "UIInterfaceOrientationPortrait UIInterfaceOrientationLandscapeLeft UIInterfaceOrientationLandscapeRight";
				IPHONEOS_DEPLOYMENT_TARGET = 16.0;
				LD_RUNPATH_SEARCH_PATHS = (
					"$(inherited)",
					"@executable_path/Frameworks",
				);
				MARKETING_VERSION = 1.0;
				PRODUCT_BUNDLE_IDENTIFIER = com.graig.Seriously;
				PRODUCT_NAME = "$(TARGET_NAME)";
				SWIFT_EMIT_LOC_STRINGS = YES;
				SWIFT_VERSION = 5.0;
				TARGETED_DEVICE_FAMILY = "1,2";
			};
			name = Debug;
		};
		407B04CE2B964D50005B68B8 /* Release */ = {
			isa = XCBuildConfiguration;
			buildSettings = {
				ASSETCATALOG_COMPILER_APPICON_NAME = AppIcon;
				ASSETCATALOG_COMPILER_GLOBAL_ACCENT_COLOR_NAME = AccentColor;
				CODE_SIGN_STYLE = Automatic;
				CURRENT_PROJECT_VERSION = 1;
				DEVELOPMENT_ASSET_PATHS = "\"Seriously/Preview Content\"";
				DEVELOPMENT_TEAM = KG5N3PRYHD;
				ENABLE_PREVIEWS = YES;
				GENERATE_INFOPLIST_FILE = YES;
				INFOPLIST_KEY_UIApplicationSceneManifest_Generation = YES;
				INFOPLIST_KEY_UIApplicationSupportsIndirectInputEvents = YES;
				INFOPLIST_KEY_UILaunchScreen_Generation = YES;
				INFOPLIST_KEY_UISupportedInterfaceOrientations_iPad = "UIInterfaceOrientationPortrait UIInterfaceOrientationPortraitUpsideDown UIInterfaceOrientationLandscapeLeft UIInterfaceOrientationLandscapeRight";
				INFOPLIST_KEY_UISupportedInterfaceOrientations_iPhone = "UIInterfaceOrientationPortrait UIInterfaceOrientationLandscapeLeft UIInterfaceOrientationLandscapeRight";
				IPHONEOS_DEPLOYMENT_TARGET = 16.0;
				LD_RUNPATH_SEARCH_PATHS = (
					"$(inherited)",
					"@executable_path/Frameworks",
				);
				MARKETING_VERSION = 1.0;
				PRODUCT_BUNDLE_IDENTIFIER = com.graig.Seriously;
				PRODUCT_NAME = "$(TARGET_NAME)";
				SWIFT_EMIT_LOC_STRINGS = YES;
				SWIFT_VERSION = 5.0;
				TARGETED_DEVICE_FAMILY = "1,2";
			};
			name = Release;
		};
/* End XCBuildConfiguration section */

/* Begin XCConfigurationList section */
		407B04B72B964D50005B68B8 /* Build configuration list for PBXProject "Seriously" */ = {
			isa = XCConfigurationList;
			buildConfigurations = (
				407B04CA2B964D50005B68B8 /* Debug */,
				407B04CB2B964D50005B68B8 /* Release */,
			);
			defaultConfigurationIsVisible = 0;
			defaultConfigurationName = Release;
		};
		407B04CC2B964D50005B68B8 /* Build configuration list for PBXNativeTarget "Seriously" */ = {
			isa = XCConfigurationList;
			buildConfigurations = (
				407B04CD2B964D50005B68B8 /* Debug */,
				407B04CE2B964D50005B68B8 /* Release */,
			);
			defaultConfigurationIsVisible = 0;
			defaultConfigurationName = Release;
		};
/* End XCConfigurationList section */
	};
	rootObject = 407B04B42B964D50005B68B8 /* Project object */;
}
